
Microsoft Visual Studio Solution File, Format Version 12.00
# Visual Studio Version 17
VisualStudioVersion = 17.12.35707.178
MinimumVisualStudioVersion = 10.0.40219.1
Project("{2150E333-8FDC-42A3-9474-1A3956D46DE8}") = "src", "src", "{61E53C3A-EA8E-45C7-8A53-BB6AD78D9E71}"
EndProject
Project("{FAE04EC0-301F-11D3-BF4B-00C04F79EFBC}") = "Saintber.EntityFrameworkCore", "src\Saintber.EntityFrameworkCore\Saintber.EntityFrameworkCore.csproj", "{FA760B49-C2D1-4323-AFEB-5F7D59BEFCE8}"
EndProject
Project("{2150E333-8FDC-42A3-9474-1A3956D46DE8}") = "test", "test", "{A31AB525-F709-453C-AB66-EB9FDC137A0E}"
EndProject
Project("{FAE04EC0-301F-11D3-BF4B-00C04F79EFBC}") = "Saintber.EntityFrameworkCore.UnitTests", "test\Saintber.EntityFrameworkCore.UnitTests\Saintber.EntityFrameworkCore.UnitTests.csproj", "{4B65C9E8-C575-49F8-831C-CEFB3478BBC3}"
EndProject
Project("{2150E333-8FDC-42A3-9474-1A3956D46DE8}") = "方案項目", "方案項目", "{4AE96CD0-2A64-4B88-9D68-80ACF2EAE7C9}"
	ProjectSection(SolutionItems) = preProject
		nuget.config = nuget.config
	EndProjectSection
EndProject
Project("{2150E333-8FDC-42A3-9474-1A3956D46DE8}") = "Snippest", "Snippest", "{79A021D4-0369-4E8A-BD3B-9CC8C32123E1}"
EndProject
Global
	GlobalSection(SolutionConfigurationPlatforms) = preSolution
		Debug|Any CPU = Debug|Any CPU
		Release|Any CPU = Release|Any CPU
	EndGlobalSection
	GlobalSection(ProjectConfigurationPlatforms) = postSolution
		{FA760B49-C2D1-4323-AFEB-5F7D59BEFCE8}.Debug|Any CPU.ActiveCfg = Debug|Any CPU
		{FA760B49-C2D1-4323-AFEB-5F7D59BEFCE8}.Debug|Any CPU.Build.0 = Debug|Any CPU
		{FA760B49-C2D1-4323-AFEB-5F7D59BEFCE8}.Release|Any CPU.ActiveCfg = Release|Any CPU
		{FA760B49-C2D1-4323-AFEB-5F7D59BEFCE8}.Release|Any CPU.Build.0 = Release|Any CPU
		{4B65C9E8-C575-49F8-831C-CEFB3478BBC3}.Debug|Any CPU.ActiveCfg = Debug|Any CPU
		{4B65C9E8-C575-49F8-831C-CEFB3478BBC3}.Debug|Any CPU.Build.0 = Debug|Any CPU
		{4B65C9E8-C575-49F8-831C-CEFB3478BBC3}.Release|Any CPU.ActiveCfg = Release|Any CPU
		{4B65C9E8-C575-49F8-831C-CEFB3478BBC3}.Release|Any CPU.Build.0 = Release|Any CPU
	EndGlobalSection
	GlobalSection(SolutionProperties) = preSolution
		HideSolutionNode = FALSE
	EndGlobalSection
	GlobalSection(NestedProjects) = preSolution
		{FA760B49-C2D1-4323-AFEB-5F7D59BEFCE8} = {61E53C3A-EA8E-45C7-8A53-BB6AD78D9E71}
		{4B65C9E8-C575-49F8-831C-CEFB3478BBC3} = {A31AB525-F709-453C-AB66-EB9FDC137A0E}
		{79A021D4-0369-4E8A-BD3B-9CC8C32123E1} = {4AE96CD0-2A64-4B88-9D68-80ACF2EAE7C9}
	EndGlobalSection
EndGlobal
